PODS:
  - PinCushion (1.0.0)
  - UIKitPro (0.2.0):
    - PinCushion

DEPENDENCIES:
  - UIKitPro (from `../`)

EXTERNAL SOURCES:
  UIKitPro:
    :path: ../

SPEC CHECKSUMS:
  PinCushion: b8b74e6446d302fa8e723112b0be05f735b75845
  UIKitPro: 733077d453f665a6c19836b6d89b7edfc5629b13

PODFILE CHECKSUM: 932cdf752ab040e44d2eec456ef7a838f4532476

COCOAPODS: 1.3.1
